
Microsoft Visual Studio Solution File, Format Version 12.00
# Visual Studio Version 16
VisualStudioVersion = 16.0.31624.102
MinimumVisualStudioVersion = 10.0.40219.1
Project("{FAE04EC0-301F-11D3-BF4B-00C04F79EFBC}") = "msfs2020-updates-disabler", "msfs2020-updates-disabler.csproj", "{D8F65B8A-E08A-483C-948B-611D071F3782}"
EndProject
Global
	GlobalSection(SolutionConfigurationPlatforms) = preSolution
		Debug|Any CPU = Debug|Any CPU
		Release|Any CPU = Release|Any CPU
	EndGlobalSection
	GlobalSection(ProjectConfigurationPlatforms) = postSolution
		{D8F65B8A-E08A-483C-948B-611D071F3782}.Debug|Any CPU.ActiveCfg = Debug|Any CPU
		{D8F65B8A-E08A-483C-948B-611D071F3782}.Debug|Any CPU.Build.0 = Debug|Any CPU
		{D8F65B8A-E08A-483C-948B-611D071F3782}.Release|Any CPU.ActiveCfg = Release|Any CPU
		{D8F65B8A-E08A-483C-948B-611D071F3782}.Release|Any CPU.Build.0 = Release|Any CPU
	EndGlobalSection
	GlobalSection(SolutionProperties) = preSolution
		HideSolutionNode = FALSE
	EndGlobalSection
	GlobalSection(ExtensibilityGlobals) = postSolution
		SolutionGuid = {574A5685-F13F-4DE6-B852-2A2C73F69F3E}
	EndGlobalSection
EndGlobal
